
Microsoft Visual Studio Solution File, Format Version 12.00
# Visual Studio 14
VisualStudioVersion = 14.0.25420.1
MinimumVisualStudioVersion = 10.0.40219.1
Project("{FAE04EC0-301F-11D3-BF4B-00C04F79EFBC}") = "SweetDesert", "SweetDesert\SweetDesert.csproj", "{7417D0A8-8E8D-4B43-B563-59C3461C5F80}"
EndProject
Project("{FAE04EC0-301F-11D3-BF4B-00C04F79EFBC}") = "3FootballStandings", "3FootballStandings\3FootballStandings.csproj", "{760B1E16-E3CC-4370-8BE9-0C965E108985}"
EndProject
Project("{FAE04EC0-301F-11D3-BF4B-00C04F79EFBC}") = "4CubicMessages", "4CubicMessages\4CubicMessages.csproj", "{72B3D8CF-B8DA-41DF-BD55-D8119B3DC893}"
EndProject
Project("{FAE04EC0-301F-11D3-BF4B-00C04F79EFBC}") = "2ArrayManipulator", "2ArrayManipulator\2ArrayManipulator.csproj", "{F357F4F3-8B65-4139-97D6-1BEC7145BE1B}"
EndProject
Global
	GlobalSection(SolutionConfigurationPlatforms) = preSolution
		Debug|Any CPU = Debug|Any CPU
		Release|Any CPU = Release|Any CPU
	EndGlobalSection
	GlobalSection(ProjectConfigurationPlatforms) = postSolution
		{7417D0A8-8E8D-4B43-B563-59C3461C5F80}.Debug|Any CPU.ActiveCfg = Debug|Any CPU
		{7417D0A8-8E8D-4B43-B563-59C3461C5F80}.Debug|Any CPU.Build.0 = Debug|Any CPU
		{7417D0A8-8E8D-4B43-B563-59C3461C5F80}.Release|Any CPU.ActiveCfg = Release|Any CPU
		{7417D0A8-8E8D-4B43-B563-59C3461C5F80}.Release|Any CPU.Build.0 = Release|Any CPU
		{760B1E16-E3CC-4370-8BE9-0C965E108985}.Debug|Any CPU.ActiveCfg = Debug|Any CPU
		{760B1E16-E3CC-4370-8BE9-0C965E108985}.Debug|Any CPU.Build.0 = Debug|Any CPU
		{760B1E16-E3CC-4370-8BE9-0C965E108985}.Release|Any CPU.ActiveCfg = Release|Any CPU
		{760B1E16-E3CC-4370-8BE9-0C965E108985}.Release|Any CPU.Build.0 = Release|Any CPU
		{72B3D8CF-B8DA-41DF-BD55-D8119B3DC893}.Debug|Any CPU.ActiveCfg = Debug|Any CPU
		{72B3D8CF-B8DA-41DF-BD55-D8119B3DC893}.Debug|Any CPU.Build.0 = Debug|Any CPU
		{72B3D8CF-B8DA-41DF-BD55-D8119B3DC893}.Release|Any CPU.ActiveCfg = Release|Any CPU
		{72B3D8CF-B8DA-41DF-BD55-D8119B3DC893}.Release|Any CPU.Build.0 = Release|Any CPU
		{F357F4F3-8B65-4139-97D6-1BEC7145BE1B}.Debug|Any CPU.ActiveCfg = Debug|Any CPU
		{F357F4F3-8B65-4139-97D6-1BEC7145BE1B}.Debug|Any CPU.Build.0 = Debug|Any CPU
		{F357F4F3-8B65-4139-97D6-1BEC7145BE1B}.Release|Any CPU.ActiveCfg = Release|Any CPU
		{F357F4F3-8B65-4139-97D6-1BEC7145BE1B}.Release|Any CPU.Build.0 = Release|Any CPU
	EndGlobalSection
	GlobalSection(SolutionProperties) = preSolution
		HideSolutionNode = FALSE
	EndGlobalSection
EndGlobal
