
Microsoft Visual Studio Solution File, Format Version 12.00
# Visual Studio 14
VisualStudioVersion = 14.0.25420.1
MinimumVisualStudioVersion = 10.0.40219.1
Project("{FAE04EC0-301F-11D3-BF4B-00C04F79EFBC}") = "2CountSubstringOccurrences", "2CountSubstringOccurrences\2CountSubstringOccurrences.csproj", "{E9AD39BB-CB18-44A2-A6BF-4B1B11068D22}"
EndProject
Project("{FAE04EC0-301F-11D3-BF4B-00C04F79EFBC}") = "3TextFilter", "3TextFilter\3TextFilter.csproj", "{56E0ECD2-9CDF-4C73-81B8-3EA26F485708}"
EndProject
Project("{FAE04EC0-301F-11D3-BF4B-00C04F79EFBC}") = "1ReverseString", "1ReverseString\1ReverseString.csproj", "{7F492C5B-10DB-4473-B586-24B1C5819163}"
EndProject
Project("{FAE04EC0-301F-11D3-BF4B-00C04F79EFBC}") = "StringDemos", "StringDemos\StringDemos.csproj", "{0A21007E-F927-44B4-934E-D06503F08BE7}"
EndProject
Project("{FAE04EC0-301F-11D3-BF4B-00C04F79EFBC}") = "4Palindromes", "4Palindromes\4Palindromes.csproj", "{A5947ECE-D34D-491A-A8D5-A1849F6F61C4}"
EndProject
Global
	GlobalSection(SolutionConfigurationPlatforms) = preSolution
		Debug|Any CPU = Debug|Any CPU
		Release|Any CPU = Release|Any CPU
	EndGlobalSection
	GlobalSection(ProjectConfigurationPlatforms) = postSolution
		{E9AD39BB-CB18-44A2-A6BF-4B1B11068D22}.Debug|Any CPU.ActiveCfg = Debug|Any CPU
		{E9AD39BB-CB18-44A2-A6BF-4B1B11068D22}.Debug|Any CPU.Build.0 = Debug|Any CPU
		{E9AD39BB-CB18-44A2-A6BF-4B1B11068D22}.Release|Any CPU.ActiveCfg = Release|Any CPU
		{E9AD39BB-CB18-44A2-A6BF-4B1B11068D22}.Release|Any CPU.Build.0 = Release|Any CPU
		{56E0ECD2-9CDF-4C73-81B8-3EA26F485708}.Debug|Any CPU.ActiveCfg = Debug|Any CPU
		{56E0ECD2-9CDF-4C73-81B8-3EA26F485708}.Debug|Any CPU.Build.0 = Debug|Any CPU
		{56E0ECD2-9CDF-4C73-81B8-3EA26F485708}.Release|Any CPU.ActiveCfg = Release|Any CPU
		{56E0ECD2-9CDF-4C73-81B8-3EA26F485708}.Release|Any CPU.Build.0 = Release|Any CPU
		{7F492C5B-10DB-4473-B586-24B1C5819163}.Debug|Any CPU.ActiveCfg = Debug|Any CPU
		{7F492C5B-10DB-4473-B586-24B1C5819163}.Debug|Any CPU.Build.0 = Debug|Any CPU
		{7F492C5B-10DB-4473-B586-24B1C5819163}.Release|Any CPU.ActiveCfg = Release|Any CPU
		{7F492C5B-10DB-4473-B586-24B1C5819163}.Release|Any CPU.Build.0 = Release|Any CPU
		{0A21007E-F927-44B4-934E-D06503F08BE7}.Debug|Any CPU.ActiveCfg = Debug|Any CPU
		{0A21007E-F927-44B4-934E-D06503F08BE7}.Debug|Any CPU.Build.0 = Debug|Any CPU
		{0A21007E-F927-44B4-934E-D06503F08BE7}.Release|Any CPU.ActiveCfg = Release|Any CPU
		{0A21007E-F927-44B4-934E-D06503F08BE7}.Release|Any CPU.Build.0 = Release|Any CPU
		{A5947ECE-D34D-491A-A8D5-A1849F6F61C4}.Debug|Any CPU.ActiveCfg = Debug|Any CPU
		{A5947ECE-D34D-491A-A8D5-A1849F6F61C4}.Debug|Any CPU.Build.0 = Debug|Any CPU
		{A5947ECE-D34D-491A-A8D5-A1849F6F61C4}.Release|Any CPU.ActiveCfg = Release|Any CPU
		{A5947ECE-D34D-491A-A8D5-A1849F6F61C4}.Release|Any CPU.Build.0 = Release|Any CPU
	EndGlobalSection
	GlobalSection(SolutionProperties) = preSolution
		HideSolutionNode = FALSE
	EndGlobalSection
EndGlobal
