
Microsoft Visual Studio Solution File, Format Version 12.00
# Visual Studio 14
VisualStudioVersion = 14.0.25420.1
MinimumVisualStudioVersion = 10.0.40219.1
Project("{FAE04EC0-301F-11D3-BF4B-00C04F79EFBC}") = "1CenturiesToMinutes", "1CenturiesToMinutes\1CenturiesToMinutes.csproj", "{40266EAC-0F1E-48F7-8057-4E6983B394F3}"
EndProject
Project("{FAE04EC0-301F-11D3-BF4B-00C04F79EFBC}") = "2CircleArea", "2CircleArea\2CircleArea.csproj", "{10891BEC-715D-4DFE-9503-6FF48465F722}"
EndProject
Project("{FAE04EC0-301F-11D3-BF4B-00C04F79EFBC}") = "3SumOfRealNumbers", "3SumOfRealNumbers\3SumOfRealNumbers.csproj", "{1C4E4A8F-A916-4D04-8304-16A5BE564659}"
EndProject
Project("{FAE04EC0-301F-11D3-BF4B-00C04F79EFBC}") = "4Elevator", "4Elevator\4Elevator.csproj", "{A7350633-4810-4B8F-8D91-9EBDBC3D1239}"
EndProject
Project("{FAE04EC0-301F-11D3-BF4B-00C04F79EFBC}") = "5SpecialNumbers", "5SpecialNumbers\5SpecialNumbers.csproj", "{7FC7E2E8-0803-49F5-95D7-2F7F3C39A53C}"
EndProject
Project("{FAE04EC0-301F-11D3-BF4B-00C04F79EFBC}") = "6TriplesOfLetters", "6TriplesOfLetters\6TriplesOfLetters.csproj", "{890F3F0C-2A05-469D-B60D-3255F1ECEF44}"
EndProject
Project("{FAE04EC0-301F-11D3-BF4B-00C04F79EFBC}") = "7Greeting_DataTypeVariables", "7Greeting_DataTypeVariables\7Greeting_DataTypeVariables.csproj", "{CFB21BFD-2EA3-476F-BEE2-FA78D242DBAC}"
EndProject
Project("{FAE04EC0-301F-11D3-BF4B-00C04F79EFBC}") = "8RefactorVolumeOfPyramide", "8RefactorVolumeOfPyramide\8RefactorVolumeOfPyramide.csproj", "{AE17D28A-7ED6-4FB1-A4F2-8B6BEDAD8F8C}"
EndProject
Project("{FAE04EC0-301F-11D3-BF4B-00C04F79EFBC}") = "9RefactorSpecialNumber", "9RefactorSpecialNumber\9RefactorSpecialNumber.csproj", "{B782EB57-35D5-415A-AAF9-2EF5FD784184}"
EndProject
Global
	GlobalSection(SolutionConfigurationPlatforms) = preSolution
		Debug|Any CPU = Debug|Any CPU
		Release|Any CPU = Release|Any CPU
	EndGlobalSection
	GlobalSection(ProjectConfigurationPlatforms) = postSolution
		{40266EAC-0F1E-48F7-8057-4E6983B394F3}.Debug|Any CPU.ActiveCfg = Debug|Any CPU
		{40266EAC-0F1E-48F7-8057-4E6983B394F3}.Debug|Any CPU.Build.0 = Debug|Any CPU
		{40266EAC-0F1E-48F7-8057-4E6983B394F3}.Release|Any CPU.ActiveCfg = Release|Any CPU
		{40266EAC-0F1E-48F7-8057-4E6983B394F3}.Release|Any CPU.Build.0 = Release|Any CPU
		{10891BEC-715D-4DFE-9503-6FF48465F722}.Debug|Any CPU.ActiveCfg = Debug|Any CPU
		{10891BEC-715D-4DFE-9503-6FF48465F722}.Debug|Any CPU.Build.0 = Debug|Any CPU
		{10891BEC-715D-4DFE-9503-6FF48465F722}.Release|Any CPU.ActiveCfg = Release|Any CPU
		{10891BEC-715D-4DFE-9503-6FF48465F722}.Release|Any CPU.Build.0 = Release|Any CPU
		{1C4E4A8F-A916-4D04-8304-16A5BE564659}.Debug|Any CPU.ActiveCfg = Debug|Any CPU
		{1C4E4A8F-A916-4D04-8304-16A5BE564659}.Debug|Any CPU.Build.0 = Debug|Any CPU
		{1C4E4A8F-A916-4D04-8304-16A5BE564659}.Release|Any CPU.ActiveCfg = Release|Any CPU
		{1C4E4A8F-A916-4D04-8304-16A5BE564659}.Release|Any CPU.Build.0 = Release|Any CPU
		{A7350633-4810-4B8F-8D91-9EBDBC3D1239}.Debug|Any CPU.ActiveCfg = Debug|Any CPU
		{A7350633-4810-4B8F-8D91-9EBDBC3D1239}.Debug|Any CPU.Build.0 = Debug|Any CPU
		{A7350633-4810-4B8F-8D91-9EBDBC3D1239}.Release|Any CPU.ActiveCfg = Release|Any CPU
		{A7350633-4810-4B8F-8D91-9EBDBC3D1239}.Release|Any CPU.Build.0 = Release|Any CPU
		{7FC7E2E8-0803-49F5-95D7-2F7F3C39A53C}.Debug|Any CPU.ActiveCfg = Debug|Any CPU
		{7FC7E2E8-0803-49F5-95D7-2F7F3C39A53C}.Debug|Any CPU.Build.0 = Debug|Any CPU
		{7FC7E2E8-0803-49F5-95D7-2F7F3C39A53C}.Release|Any CPU.ActiveCfg = Release|Any CPU
		{7FC7E2E8-0803-49F5-95D7-2F7F3C39A53C}.Release|Any CPU.Build.0 = Release|Any CPU
		{890F3F0C-2A05-469D-B60D-3255F1ECEF44}.Debug|Any CPU.ActiveCfg = Debug|Any CPU
		{890F3F0C-2A05-469D-B60D-3255F1ECEF44}.Debug|Any CPU.Build.0 = Debug|Any CPU
		{890F3F0C-2A05-469D-B60D-3255F1ECEF44}.Release|Any CPU.ActiveCfg = Release|Any CPU
		{890F3F0C-2A05-469D-B60D-3255F1ECEF44}.Release|Any CPU.Build.0 = Release|Any CPU
		{CFB21BFD-2EA3-476F-BEE2-FA78D242DBAC}.Debug|Any CPU.ActiveCfg = Debug|Any CPU
		{CFB21BFD-2EA3-476F-BEE2-FA78D242DBAC}.Debug|Any CPU.Build.0 = Debug|Any CPU
		{CFB21BFD-2EA3-476F-BEE2-FA78D242DBAC}.Release|Any CPU.ActiveCfg = Release|Any CPU
		{CFB21BFD-2EA3-476F-BEE2-FA78D242DBAC}.Release|Any CPU.Build.0 = Release|Any CPU
		{AE17D28A-7ED6-4FB1-A4F2-8B6BEDAD8F8C}.Debug|Any CPU.ActiveCfg = Debug|Any CPU
		{AE17D28A-7ED6-4FB1-A4F2-8B6BEDAD8F8C}.Debug|Any CPU.Build.0 = Debug|Any CPU
		{AE17D28A-7ED6-4FB1-A4F2-8B6BEDAD8F8C}.Release|Any CPU.ActiveCfg = Release|Any CPU
		{AE17D28A-7ED6-4FB1-A4F2-8B6BEDAD8F8C}.Release|Any CPU.Build.0 = Release|Any CPU
		{B782EB57-35D5-415A-AAF9-2EF5FD784184}.Debug|Any CPU.ActiveCfg = Debug|Any CPU
		{B782EB57-35D5-415A-AAF9-2EF5FD784184}.Debug|Any CPU.Build.0 = Debug|Any CPU
		{B782EB57-35D5-415A-AAF9-2EF5FD784184}.Release|Any CPU.ActiveCfg = Release|Any CPU
		{B782EB57-35D5-415A-AAF9-2EF5FD784184}.Release|Any CPU.Build.0 = Release|Any CPU
	EndGlobalSection
	GlobalSection(SolutionProperties) = preSolution
		HideSolutionNode = FALSE
	EndGlobalSection
EndGlobal
